
Microsoft Visual Studio Solution File, Format Version 12.00
# Visual Studio 15
VisualStudioVersion = 15.0.28010.2016
MinimumVisualStudioVersion = 10.0.40219.1
Project("{FAE04EC0-301F-11D3-BF4B-00C04F79EFBC}") = "WeatherApp", "WeatherApp\WeatherApp.csproj", "{1D48703F-6B8A-4061-9C84-C220295066F8}"
EndProject
Project("{FAE04EC0-301F-11D3-BF4B-00C04F79EFBC}") = "WeatherApp.Core", "WeatherApp.Core\WeatherApp.Core.csproj", "{BA5791C9-3A6C-4456-A337-F982F7CD6A3E}"
EndProject
Global
	GlobalSection(SolutionConfigurationPlatforms) = preSolution
		Debug|Any CPU = Debug|Any CPU
		Release|Any CPU = Release|Any CPU
	EndGlobalSection
	GlobalSection(ProjectConfigurationPlatforms) = postSolution
		{1D48703F-6B8A-4061-9C84-C220295066F8}.Debug|Any CPU.ActiveCfg = Debug|Any CPU
		{1D48703F-6B8A-4061-9C84-C220295066F8}.Debug|Any CPU.Build.0 = Debug|Any CPU
		{1D48703F-6B8A-4061-9C84-C220295066F8}.Debug|Any CPU.Deploy.0 = Debug|Any CPU
		{1D48703F-6B8A-4061-9C84-C220295066F8}.Release|Any CPU.ActiveCfg = Release|Any CPU
		{1D48703F-6B8A-4061-9C84-C220295066F8}.Release|Any CPU.Build.0 = Release|Any CPU
		{1D48703F-6B8A-4061-9C84-C220295066F8}.Release|Any CPU.Deploy.0 = Release|Any CPU
		{BA5791C9-3A6C-4456-A337-F982F7CD6A3E}.Debug|Any CPU.ActiveCfg = Debug|Any CPU
		{BA5791C9-3A6C-4456-A337-F982F7CD6A3E}.Debug|Any CPU.Build.0 = Debug|Any CPU
		{BA5791C9-3A6C-4456-A337-F982F7CD6A3E}.Release|Any CPU.ActiveCfg = Release|Any CPU
		{BA5791C9-3A6C-4456-A337-F982F7CD6A3E}.Release|Any CPU.Build.0 = Release|Any CPU
	EndGlobalSection
	GlobalSection(SolutionProperties) = preSolution
		HideSolutionNode = FALSE
	EndGlobalSection
	GlobalSection(ExtensibilityGlobals) = postSolution
		SolutionGuid = {87B107AF-485A-49CE-A48A-5AC9241EAB7D}
	EndGlobalSection
EndGlobal
